
Microsoft Visual Studio Solution File, Format Version 12.00
# Visual Studio Version 17
VisualStudioVersion = 17.2.32505.173
MinimumVisualStudioVersion = 10.0.40219.1
Project("{9A19103F-16F7-4668-BE54-9A1E7A4F7556}") = "SampleWorkerOneTimePerDay", "SampleWorkerOneTimePerDay\SampleWorkerOneTimePerDay.csproj", "{5A8A2CCE-C2A0-4D3E-93F1-59432CB0EFDB}"
EndProject
Global
	GlobalSection(SolutionConfigurationPlatforms) = preSolution
		Debug|Any CPU = Debug|Any CPU
		Release|Any CPU = Release|Any CPU
	EndGlobalSection
	GlobalSection(ProjectConfigurationPlatforms) = postSolution
		{5A8A2CCE-C2A0-4D3E-93F1-59432CB0EFDB}.Debug|Any CPU.ActiveCfg = Debug|Any CPU
		{5A8A2CCE-C2A0-4D3E-93F1-59432CB0EFDB}.Debug|Any CPU.Build.0 = Debug|Any CPU
		{5A8A2CCE-C2A0-4D3E-93F1-59432CB0EFDB}.Release|Any CPU.ActiveCfg = Release|Any CPU
		{5A8A2CCE-C2A0-4D3E-93F1-59432CB0EFDB}.Release|Any CPU.Build.0 = Release|Any CPU
	EndGlobalSection
	GlobalSection(SolutionProperties) = preSolution
		HideSolutionNode = FALSE
	EndGlobalSection
	GlobalSection(ExtensibilityGlobals) = postSolution
		SolutionGuid = {49E76B8B-B045-41AE-8263-0C719B2ABCE4}
	EndGlobalSection
EndGlobal
